
Microsoft Visual Studio Solution File, Format Version 12.00
# Visual Studio Version 16
VisualStudioVersion = 16.0.32510.428
MinimumVisualStudioVersion = 10.0.40219.1
Project("{FAE04EC0-301F-11D3-BF4B-00C04F79EFBC}") = "Dex-9.Threads_2", "Dex-9.Threads_2.csproj", "{7E677674-1235-4F75-A0DD-785A5A53BD94}"
EndProject
Global
	GlobalSection(SolutionConfigurationPlatforms) = preSolution
		Debug|Any CPU = Debug|Any CPU
		Release|Any CPU = Release|Any CPU
	EndGlobalSection
	GlobalSection(ProjectConfigurationPlatforms) = postSolution
		{7E677674-1235-4F75-A0DD-785A5A53BD94}.Debug|Any CPU.ActiveCfg = Debug|Any CPU
		{7E677674-1235-4F75-A0DD-785A5A53BD94}.Debug|Any CPU.Build.0 = Debug|Any CPU
		{7E677674-1235-4F75-A0DD-785A5A53BD94}.Release|Any CPU.ActiveCfg = Release|Any CPU
		{7E677674-1235-4F75-A0DD-785A5A53BD94}.Release|Any CPU.Build.0 = Release|Any CPU
	EndGlobalSection
	GlobalSection(SolutionProperties) = preSolution
		HideSolutionNode = FALSE
	EndGlobalSection
	GlobalSection(ExtensibilityGlobals) = postSolution
		SolutionGuid = {0ED5385D-C361-459C-A88C-09E9CFF8D39D}
	EndGlobalSection
EndGlobal
